// !$*UTF8*$!
{
	archiveVersion = 1;
	classes = {
	};
	objectVersion = 48;
	objects = {

/* Begin PBXBuildFile section */
		F6CF9A83206E90D7001E5023 /* main.c in Sources */ = {isa = PBXBuildFile; fileRef = F6CF9A82206E90D7001E5023 /* main.c */; };
		F6F9BEEE206EA512002C54F5 /* libteensy_midi_common.a in Frameworks */ = {isa = PBXBuildFile; fileRef = F6CF9A8B206E911E001E5023 /* libteensy_midi_common.a */; };
		F6F9BEEF206EA512002C54F5 /* libarduino_abstraction.a in Frameworks */ = {isa = PBXBuildFile; fileRef = F6CF9A8A206E911E001E5023 /* libarduino_abstraction.a */; };
/* End PBXBuildFile section */

/* Begin PBXCopyFilesBuildPhase section */
		F6CF9A7D206E90D7001E5023 /* CopyFiles */ = {
			isa = PBXCopyFilesBuildPhase;
			buildActionMask = 2147483647;
			dstPath = /usr/share/man/man1/;
			dstSubfolderSpec = 0;
			files = (
			);
			runOnlyForDeploymentPostprocessing = 1;
		};
/* End PBXCopyFilesBuildPhase section */

/* Begin PBXFileReference section */
		F6CF9A7F206E90D7001E5023 /* TestSDReadWrite */ = {isa = PBXFileReference; explicitFileType = "compiled.mach-o.executable"; includeInIndex = 0; path = TestSDReadWrite; sourceTree = BUILT_PRODUCTS_DIR; };
		F6CF9A82206E90D7001E5023 /* main.c */ = {isa = PBXFileReference; lastKnownFileType = sourcecode.c.c; path = main.c; sourceTree = "<group>"; };
		F6CF9A8A206E911E001E5023 /* libarduino_abstraction.a */ = {isa = PBXFileReference; lastKnownFileType = archive.ar; name = libarduino_abstraction.a; path = ../../../../../../../../Development/lib/libarduino_abstraction.a; sourceTree = "<group>"; };
		F6CF9A8B206E911E001E5023 /* libteensy_midi_common.a */ = {isa = PBXFileReference; lastKnownFileType = archive.ar; name = libteensy_midi_common.a; path = ../../../../../../../../Development/lib/libteensy_midi_common.a; sourceTree = "<group>"; };
		F6CF9A92206E9868001E5023 /* arduino */ = {isa = PBXFileReference; lastKnownFileType = folder; name = arduino; path = ../../arduino; sourceTree = "<group>"; };
		F6CF9A94206E988E001E5023 /* common */ = {isa = PBXFileReference; lastKnownFileType = folder; name = common; path = ../../common; sourceTree = "<group>"; };
/* End PBXFileReference section */

/* Begin PBXFrameworksBuildPhase section */
		F6CF9A7C206E90D7001E5023 /* Frameworks */ = {
			isa = PBXFrameworksBuildPhase;
			buildActionMask = 2147483647;
			files = (
				F6F9BEEE206EA512002C54F5 /* libteensy_midi_common.a in Frameworks */,
				F6F9BEEF206EA512002C54F5 /* libarduino_abstraction.a in Frameworks */,
			);
			runOnlyForDeploymentPostprocessing = 0;
		};
/* End PBXFrameworksBuildPhase section */

/* Begin PBXGroup section */
		F6CF9A76206E90D7001E5023 = {
			isa = PBXGroup;
			children = (
				F6CF9A94206E988E001E5023 /* common */,
				F6CF9A92206E9868001E5023 /* arduino */,
				F6CF9A81206E90D7001E5023 /* TestSDReadWrite */,
				F6CF9A80206E90D7001E5023 /* Products */,
				F6CF9A89206E911D001E5023 /* Frameworks */,
			);
			sourceTree = "<group>";
		};
		F6CF9A80206E90D7001E5023 /* Products */ = {
			isa = PBXGroup;
			children = (
				F6CF9A7F206E90D7001E5023 /* TestSDReadWrite */,
			);
			name = Products;
			sourceTree = "<group>";
		};
		F6CF9A81206E90D7001E5023 /* TestSDReadWrite */ = {
			isa = PBXGroup;
			children = (
				F6CF9A82206E90D7001E5023 /* main.c */,
			);
			path = TestSDReadWrite;
			sourceTree = "<group>";
		};
		F6CF9A89206E911D001E5023 /* Frameworks */ = {
			isa = PBXGroup;
			children = (
				F6CF9A8A206E911E001E5023 /* libarduino_abstraction.a */,
				F6CF9A8B206E911E001E5023 /* libteensy_midi_common.a */,
			);
			name = Frameworks;
			sourceTree = "<group>";
		};
/* End PBXGroup section */

/* Begin PBXNativeTarget section */
		F6CF9A7E206E90D7001E5023 /* TestSDReadWrite */ = {
			isa = PBXNativeTarget;
			buildConfigurationList = F6CF9A86206E90D7001E5023 /* Build configuration list for PBXNativeTarget "TestSDReadWrite" */;
			buildPhases = (
				F6CF9A7B206E90D7001E5023 /* Sources */,
				F6CF9A7C206E90D7001E5023 /* Frameworks */,
				F6CF9A7D206E90D7001E5023 /* CopyFiles */,
			);
			buildRules = (
			);
			dependencies = (
			);
			name = TestSDReadWrite;
			productName = TestSDReadWrite;
			productReference = F6CF9A7F206E90D7001E5023 /* TestSDReadWrite */;
			productType = "com.apple.product-type.tool";
		};
/* End PBXNativeTarget section */

/* Begin PBXProject section */
		F6CF9A77206E90D7001E5023 /* Project object */ = {
			isa = PBXProject;
			attributes = {
				LastUpgradeCheck = 0920;
				ORGANIZATIONNAME = "John Smith";
				TargetAttributes = {
					F6CF9A7E206E90D7001E5023 = {
						CreatedOnToolsVersion = 9.2;
						ProvisioningStyle = Automatic;
					};
				};
			};
			buildConfigurationList = F6CF9A7A206E90D7001E5023 /* Build configuration list for PBXProject "TestSDReadWrite" */;
			compatibilityVersion = "Xcode 8.0";
			developmentRegion = en;
			hasScannedForEncodings = 0;
			knownRegions = (
				en,
			);
			mainGroup = F6CF9A76206E90D7001E5023;
			productRefGroup = F6CF9A80206E90D7001E5023 /* Products */;
			projectDirPath = "";
			projectRoot = "";
			targets = (
				F6CF9A7E206E90D7001E5023 /* TestSDReadWrite */,
			);
		};
/* End PBXProject section */

/* Begin PBXSourcesBuildPhase section */
		F6CF9A7B206E90D7001E5023 /* Sources */ = {
			isa = PBXSourcesBuildPhase;
			buildActionMask = 2147483647;
			files = (
				F6CF9A83206E90D7001E5023 /* main.c in Sources */,
			);
			runOnlyForDeploymentPostprocessing = 0;
		};
/* End PBXSourcesBuildPhase section */

/* Begin XCBuildConfiguration section */
		F6CF9A84206E90D7001E5023 /* Debug */ = {
			isa = XCBuildConfiguration;
			buildSettings = {
				ALWAYS_SEARCH_USER_PATHS = NO;
				CLANG_ANALYZER_NONNULL = YES;
				CLANG_ANALYZER_NUMBER_OBJECT_CONVERSION = YES_AGGRESSIVE;
				CLANG_CXX_LANGUAGE_STANDARD = "gnu++14";
				CLANG_CXX_LIBRARY = "libc++";
				CLANG_ENABLE_MODULES = YES;
				CLANG_ENABLE_OBJC_ARC = YES;
				CLANG_WARN_BLOCK_CAPTURE_AUTORELEASING = YES;
				CLANG_WARN_BOOL_CONVERSION = YES;
				CLANG_WARN_COMMA = YES;
				CLANG_WARN_CONSTANT_CONVERSION = YES;
				CLANG_WARN_DIRECT_OBJC_ISA_USAGE = YES_ERROR;
				CLANG_WARN_DOCUMENTATION_COMMENTS = YES;
				CLANG_WARN_EMPTY_BODY = YES;
				CLANG_WARN_ENUM_CONVERSION = YES;
				CLANG_WARN_INFINITE_RECURSION = YES;
				CLANG_WARN_INT_CONVERSION = YES;
				CLANG_WARN_NON_LITERAL_NULL_CONVERSION = YES;
				CLANG_WARN_OBJC_LITERAL_CONVERSION = YES;
				CLANG_WARN_OBJC_ROOT_CLASS = YES_ERROR;
				CLANG_WARN_RANGE_LOOP_ANALYSIS = YES;
				CLANG_WARN_STRICT_PROTOTYPES = YES;
				CLANG_WARN_SUSPICIOUS_MOVE = YES;
				CLANG_WARN_UNGUARDED_AVAILABILITY = YES_AGGRESSIVE;
				CLANG_WARN_UNREACHABLE_CODE = YES;
				CLANG_WARN__DUPLICATE_METHOD_MATCH = YES;
				CODE_SIGN_IDENTITY = "-";
				COPY_PHASE_STRIP = NO;
				DEBUG_INFORMATION_FORMAT = dwarf;
				ENABLE_STRICT_OBJC_MSGSEND = YES;
				ENABLE_TESTABILITY = YES;
				GCC_C_LANGUAGE_STANDARD = gnu11;
				GCC_DYNAMIC_NO_PIC = NO;
				GCC_NO_COMMON_BLOCKS = YES;
				GCC_OPTIMIZATION_LEVEL = 0;
				GCC_PREPROCESSOR_DEFINITIONS = (
					"DEBUG=1",
					"$(inherited)",
				);
				GCC_WARN_64_TO_32_BIT_CONVERSION = YES;
				GCC_WARN_ABOUT_RETURN_TYPE = YES_ERROR;
				GCC_WARN_UNDECLARED_SELECTOR = YES;
				GCC_WARN_UNINITIALIZED_AUTOS = YES_AGGRESSIVE;
				GCC_WARN_UNUSED_FUNCTION = YES;
				GCC_WARN_UNUSED_VARIABLE = YES;
				INCLUDED_SOURCE_FILE_NAMES = "";
				MACOSX_DEPLOYMENT_TARGET = 10.13;
				MTL_ENABLE_DEBUG_INFO = YES;
				ONLY_ACTIVE_ARCH = YES;
				SDKROOT = macosx;
			};
			name = Debug;
		};
		F6CF9A85206E90D7001E5023 /* Release */ = {
			isa = XCBuildConfiguration;
			buildSettings = {
				ALWAYS_SEARCH_USER_PATHS = NO;
				CLANG_ANALYZER_NONNULL = YES;
				CLANG_ANALYZER_NUMBER_OBJECT_CONVERSION = YES_AGGRESSIVE;
				CLANG_CXX_LANGUAGE_STANDARD = "gnu++14";
				CLANG_CXX_LIBRARY = "libc++";
				CLANG_ENABLE_MODULES = YES;
				CLANG_ENABLE_OBJC_ARC = YES;
				CLANG_WARN_BLOCK_CAPTURE_AUTORELEASING = YES;
				CLANG_WARN_BOOL_CONVERSION = YES;
				CLANG_WARN_COMMA = YES;
				CLANG_WARN_CONSTANT_CONVERSION = YES;
				CLANG_WARN_DIRECT_OBJC_ISA_USAGE = YES_ERROR;
				CLANG_WARN_DOCUMENTATION_COMMENTS = YES;
				CLANG_WARN_EMPTY_BODY = YES;
				CLANG_WARN_ENUM_CONVERSION = YES;
				CLANG_WARN_INFINITE_RECURSION = YES;
				CLANG_WARN_INT_CONVERSION = YES;
				CLANG_WARN_NON_LITERAL_NULL_CONVERSION = YES;
				CLANG_WARN_OBJC_LITERAL_CONVERSION = YES;
				CLANG_WARN_OBJC_ROOT_CLASS = YES_ERROR;
				CLANG_WARN_RANGE_LOOP_ANALYSIS = YES;
				CLANG_WARN_STRICT_PROTOTYPES = YES;
				CLANG_WARN_SUSPICIOUS_MOVE = YES;
				CLANG_WARN_UNGUARDED_AVAILABILITY = YES_AGGRESSIVE;
				CLANG_WARN_UNREACHABLE_CODE = YES;
				CLANG_WARN__DUPLICATE_METHOD_MATCH = YES;
				CODE_SIGN_IDENTITY = "-";
				COPY_PHASE_STRIP = NO;
				DEBUG_INFORMATION_FORMAT = "dwarf-with-dsym";
				ENABLE_NS_ASSERTIONS = NO;
				ENABLE_STRICT_OBJC_MSGSEND = YES;
				GCC_C_LANGUAGE_STANDARD = gnu11;
				GCC_NO_COMMON_BLOCKS = YES;
				GCC_WARN_64_TO_32_BIT_CONVERSION = YES;
				GCC_WARN_ABOUT_RETURN_TYPE = YES_ERROR;
				GCC_WARN_UNDECLARED_SELECTOR = YES;
				GCC_WARN_UNINITIALIZED_AUTOS = YES_AGGRESSIVE;
				GCC_WARN_UNUSED_FUNCTION = YES;
				GCC_WARN_UNUSED_VARIABLE = YES;
				INCLUDED_SOURCE_FILE_NAMES = "";
				MACOSX_DEPLOYMENT_TARGET = 10.13;
				MTL_ENABLE_DEBUG_INFO = NO;
				SDKROOT = macosx;
			};
			name = Release;
		};
		F6CF9A87206E90D7001E5023 /* Debug */ = {
			isa = XCBuildConfiguration;
			buildSettings = {
				CLANG_CXX_LANGUAGE_STANDARD = "c++0x";
				CLANG_CXX_LIBRARY = "compiler-default";
				CODE_SIGN_STYLE = Automatic;
				GCC_C_LANGUAGE_STANDARD = c11;
				GCC_INPUT_FILETYPE = sourcecode.cpp.cpp;
				HEADER_SEARCH_PATHS = "../../../arduino/**";
				"HEADER_SEARCH_PATHS[arch=*]" = "";
				LIBRARY_SEARCH_PATHS = "~/Development/lib";
				PRODUCT_NAME = "$(TARGET_NAME)";
			};
			name = Debug;
		};
		F6CF9A88206E90D7001E5023 /* Release */ = {
			isa = XCBuildConfiguration;
			buildSettings = {
				CLANG_CXX_LANGUAGE_STANDARD = "c++0x";
				CLANG_CXX_LIBRARY = "compiler-default";
				CODE_SIGN_STYLE = Automatic;
				GCC_C_LANGUAGE_STANDARD = c11;
				GCC_INPUT_FILETYPE = sourcecode.cpp.cpp;
				PRODUCT_NAME = "$(TARGET_NAME)";
			};
			name = Release;
		};
/* End XCBuildConfiguration section */

/* Begin XCConfigurationList section */
		F6CF9A7A206E90D7001E5023 /* Build configuration list for PBXProject "TestSDReadWrite" */ = {
			isa = XCConfigurationList;
			buildConfigurations = (
				F6CF9A84206E90D7001E5023 /* Debug */,
				F6CF9A85206E90D7001E5023 /* Release */,
			);
			defaultConfigurationIsVisible = 0;
			defaultConfigurationName = Release;
		};
		F6CF9A86206E90D7001E5023 /* Build configuration list for PBXNativeTarget "TestSDReadWrite" */ = {
			isa = XCConfigurationList;
			buildConfigurations = (
				F6CF9A87206E90D7001E5023 /* Debug */,
				F6CF9A88206E90D7001E5023 /* Release */,
			);
			defaultConfigurationIsVisible = 0;
			defaultConfigurationName = Release;
		};
/* End XCConfigurationList section */
	};
	rootObject = F6CF9A77206E90D7001E5023 /* Project object */;
}
